
Microsoft Visual Studio Solution File, Format Version 12.00
# Visual Studio Version 16
VisualStudioVersion = 16.0.30907.101
MinimumVisualStudioVersion = 10.0.40219.1
Project("{FAE04EC0-301F-11D3-BF4B-00C04F79EFBC}") = "GIocodellaSigaretta", "GIocodellaSigaretta.csproj", "{18314CF8-E997-4E45-9943-DFEFA53268CD}"
EndProject
Global
	GlobalSection(SolutionConfigurationPlatforms) = preSolution
		Debug|Any CPU = Debug|Any CPU
		Release|Any CPU = Release|Any CPU
	EndGlobalSection
	GlobalSection(ProjectConfigurationPlatforms) = postSolution
		{18314CF8-E997-4E45-9943-DFEFA53268CD}.Debug|Any CPU.ActiveCfg = Debug|Any CPU
		{18314CF8-E997-4E45-9943-DFEFA53268CD}.Debug|Any CPU.Build.0 = Debug|Any CPU
		{18314CF8-E997-4E45-9943-DFEFA53268CD}.Release|Any CPU.ActiveCfg = Release|Any CPU
		{18314CF8-E997-4E45-9943-DFEFA53268CD}.Release|Any CPU.Build.0 = Release|Any CPU
	EndGlobalSection
	GlobalSection(SolutionProperties) = preSolution
		HideSolutionNode = FALSE
	EndGlobalSection
	GlobalSection(ExtensibilityGlobals) = postSolution
		SolutionGuid = {7BC7B7AC-62FA-4869-A692-8538F3654A31}
	EndGlobalSection
EndGlobal
